// !$*UTF8*$!
{
	archiveVersion = 1;
	classes = {
	};
	objectVersion = 46;
	objects = {

/* Begin PBXBuildFile section */
		84E8F56F1B504147001CEE5F /* main.m in Sources */ = {isa = PBXBuildFile; fileRef = 84E8F56E1B504147001CEE5F /* main.m */; };
		84E8F57B1B504428001CEE5F /* Abstract.m in Sources */ = {isa = PBXBuildFile; fileRef = 84E8F57A1B504428001CEE5F /* Abstract.m */; };
		84E8F5811B5045A0001CEE5F /* Rogue.m in Sources */ = {isa = PBXBuildFile; fileRef = 84E8F5801B5045A0001CEE5F /* Rogue.m */; };
		84E8F5841B504646001CEE5F /* Knight.m in Sources */ = {isa = PBXBuildFile; fileRef = 84E8F5831B504646001CEE5F /* Knight.m */; };
		84E8F5871B504664001CEE5F /* Warrior.m in Sources */ = {isa = PBXBuildFile; fileRef = 84E8F5861B504664001CEE5F /* Warrior.m */; };
/* End PBXBuildFile section */

/* Begin PBXCopyFilesBuildPhase section */
		84E8F5691B504147001CEE5F /* CopyFiles */ = {
			isa = PBXCopyFilesBuildPhase;
			buildActionMask = 2147483647;
			dstPath = /usr/share/man/man1/;
			dstSubfolderSpec = 0;
			files = (
			);
			runOnlyForDeploymentPostprocessing = 1;
		};
/* End PBXCopyFilesBuildPhase section */

/* Begin PBXFileReference section */
		84E8F56B1B504147001CEE5F /* warriors */ = {isa = PBXFileReference; explicitFileType = "compiled.mach-o.executable"; includeInIndex = 0; path = warriors; sourceTree = BUILT_PRODUCTS_DIR; };
		84E8F56E1B504147001CEE5F /* main.m */ = {isa = PBXFileReference; lastKnownFileType = sourcecode.c.objc; path = main.m; sourceTree = "<group>"; };
		84E8F5791B504428001CEE5F /* Abstract.h */ = {isa = PBXFileReference; fileEncoding = 4; lastKnownFileType = sourcecode.c.h; path = Abstract.h; sourceTree = "<group>"; };
		84E8F57A1B504428001CEE5F /* Abstract.m */ = {isa = PBXFileReference; fileEncoding = 4; lastKnownFileType = sourcecode.c.objc; path = Abstract.m; sourceTree = "<group>"; };
		84E8F57F1B5045A0001CEE5F /* Rogue.h */ = {isa = PBXFileReference; fileEncoding = 4; lastKnownFileType = sourcecode.c.h; path = Rogue.h; sourceTree = "<group>"; };
		84E8F5801B5045A0001CEE5F /* Rogue.m */ = {isa = PBXFileReference; fileEncoding = 4; lastKnownFileType = sourcecode.c.objc; path = Rogue.m; sourceTree = "<group>"; };
		84E8F5821B504646001CEE5F /* Knight.h */ = {isa = PBXFileReference; fileEncoding = 4; lastKnownFileType = sourcecode.c.h; path = Knight.h; sourceTree = "<group>"; };
		84E8F5831B504646001CEE5F /* Knight.m */ = {isa = PBXFileReference; fileEncoding = 4; lastKnownFileType = sourcecode.c.objc; path = Knight.m; sourceTree = "<group>"; };
		84E8F5851B504664001CEE5F /* Warrior.h */ = {isa = PBXFileReference; fileEncoding = 4; lastKnownFileType = sourcecode.c.h; path = Warrior.h; sourceTree = "<group>"; };
		84E8F5861B504664001CEE5F /* Warrior.m */ = {isa = PBXFileReference; fileEncoding = 4; lastKnownFileType = sourcecode.c.objc; path = Warrior.m; sourceTree = "<group>"; };
/* End PBXFileReference section */

/* Begin PBXFrameworksBuildPhase section */
		84E8F5681B504147001CEE5F /* Frameworks */ = {
			isa = PBXFrameworksBuildPhase;
			buildActionMask = 2147483647;
			files = (
			);
			runOnlyForDeploymentPostprocessing = 0;
		};
/* End PBXFrameworksBuildPhase section */

/* Begin PBXGroup section */
		84E8F5621B504147001CEE5F = {
			isa = PBXGroup;
			children = (
				84E8F56D1B504147001CEE5F /* warriors */,
				84E8F56C1B504147001CEE5F /* Products */,
			);
			sourceTree = "<group>";
		};
		84E8F56C1B504147001CEE5F /* Products */ = {
			isa = PBXGroup;
			children = (
				84E8F56B1B504147001CEE5F /* warriors */,
			);
			name = Products;
			sourceTree = "<group>";
		};
		84E8F56D1B504147001CEE5F /* warriors */ = {
			isa = PBXGroup;
			children = (
				84E8F57C1B504564001CEE5F /* Knight */,
				84E8F57D1B504564001CEE5F /* Rogue */,
				84E8F57E1B504564001CEE5F /* Warrior */,
				84E8F5781B504428001CEE5F /* Abstract */,
				84E8F56E1B504147001CEE5F /* main.m */,
			);
			path = warriors;
			sourceTree = "<group>";
		};
		84E8F5781B504428001CEE5F /* Abstract */ = {
			isa = PBXGroup;
			children = (
				84E8F5791B504428001CEE5F /* Abstract.h */,
				84E8F57A1B504428001CEE5F /* Abstract.m */,
			);
			path = Abstract;
			sourceTree = "<group>";
		};
		84E8F57C1B504564001CEE5F /* Knight */ = {
			isa = PBXGroup;
			children = (
				84E8F5821B504646001CEE5F /* Knight.h */,
				84E8F5831B504646001CEE5F /* Knight.m */,
			);
			path = Knight;
			sourceTree = "<group>";
		};
		84E8F57D1B504564001CEE5F /* Rogue */ = {
			isa = PBXGroup;
			children = (
				84E8F57F1B5045A0001CEE5F /* Rogue.h */,
				84E8F5801B5045A0001CEE5F /* Rogue.m */,
			);
			path = Rogue;
			sourceTree = "<group>";
		};
		84E8F57E1B504564001CEE5F /* Warrior */ = {
			isa = PBXGroup;
			children = (
				84E8F5851B504664001CEE5F /* Warrior.h */,
				84E8F5861B504664001CEE5F /* Warrior.m */,
			);
			path = Warrior;
			sourceTree = "<group>";
		};
/* End PBXGroup section */

/* Begin PBXNativeTarget section */
		84E8F56A1B504147001CEE5F /* warriors */ = {
			isa = PBXNativeTarget;
			buildConfigurationList = 84E8F5721B504147001CEE5F /* Build configuration list for PBXNativeTarget "warriors" */;
			buildPhases = (
				84E8F5671B504147001CEE5F /* Sources */,
				84E8F5681B504147001CEE5F /* Frameworks */,
				84E8F5691B504147001CEE5F /* CopyFiles */,
			);
			buildRules = (
			);
			dependencies = (
			);
			name = warriors;
			productName = warriors;
			productReference = 84E8F56B1B504147001CEE5F /* warriors */;
			productType = "com.apple.product-type.tool";
		};
/* End PBXNativeTarget section */

/* Begin PBXProject section */
		84E8F5631B504147001CEE5F /* Project object */ = {
			isa = PBXProject;
			attributes = {
				LastUpgradeCheck = 0610;
				ORGANIZATIONNAME = Admin;
				TargetAttributes = {
					84E8F56A1B504147001CEE5F = {
						CreatedOnToolsVersion = 6.1.1;
					};
				};
			};
			buildConfigurationList = 84E8F5661B504147001CEE5F /* Build configuration list for PBXProject "warriors" */;
			compatibilityVersion = "Xcode 3.2";
			developmentRegion = English;
			hasScannedForEncodings = 0;
			knownRegions = (
				en,
			);
			mainGroup = 84E8F5621B504147001CEE5F;
			productRefGroup = 84E8F56C1B504147001CEE5F /* Products */;
			projectDirPath = "";
			projectRoot = "";
			targets = (
				84E8F56A1B504147001CEE5F /* warriors */,
			);
		};
/* End PBXProject section */

/* Begin PBXSourcesBuildPhase section */
		84E8F5671B504147001CEE5F /* Sources */ = {
			isa = PBXSourcesBuildPhase;
			buildActionMask = 2147483647;
			files = (
				84E8F5841B504646001CEE5F /* Knight.m in Sources */,
				84E8F5811B5045A0001CEE5F /* Rogue.m in Sources */,
				84E8F5871B504664001CEE5F /* Warrior.m in Sources */,
				84E8F56F1B504147001CEE5F /* main.m in Sources */,
				84E8F57B1B504428001CEE5F /* Abstract.m in Sources */,
			);
			runOnlyForDeploymentPostprocessing = 0;
		};
/* End PBXSourcesBuildPhase section */

/* Begin XCBuildConfiguration section */
		84E8F5701B504147001CEE5F /* Debug */ = {
			isa = XCBuildConfiguration;
			buildSettings = {
				ALWAYS_SEARCH_USER_PATHS = NO;
				CLANG_CXX_LANGUAGE_STANDARD = "gnu++0x";
				CLANG_CXX_LIBRARY = "libc++";
				CLANG_ENABLE_MODULES = YES;
				CLANG_ENABLE_OBJC_ARC = YES;
				CLANG_WARN_BOOL_CONVERSION = YES;
				CLANG_WARN_CONSTANT_CONVERSION = YES;
				CLANG_WARN_DIRECT_OBJC_ISA_USAGE = YES_ERROR;
				CLANG_WARN_EMPTY_BODY = YES;
				CLANG_WARN_ENUM_CONVERSION = YES;
				CLANG_WARN_INT_CONVERSION = YES;
				CLANG_WARN_OBJC_ROOT_CLASS = YES_ERROR;
				CLANG_WARN_UNREACHABLE_CODE = YES;
				CLANG_WARN__DUPLICATE_METHOD_MATCH = YES;
				COPY_PHASE_STRIP = NO;
				ENABLE_STRICT_OBJC_MSGSEND = YES;
				GCC_C_LANGUAGE_STANDARD = gnu99;
				GCC_DYNAMIC_NO_PIC = NO;
				GCC_OPTIMIZATION_LEVEL = 0;
				GCC_PREPROCESSOR_DEFINITIONS = (
					"DEBUG=1",
					"$(inherited)",
				);
				GCC_SYMBOLS_PRIVATE_EXTERN = NO;
				GCC_WARN_64_TO_32_BIT_CONVERSION = YES;
				GCC_WARN_ABOUT_RETURN_TYPE = YES_ERROR;
				GCC_WARN_UNDECLARED_SELECTOR = YES;
				GCC_WARN_UNINITIALIZED_AUTOS = YES_AGGRESSIVE;
				GCC_WARN_UNUSED_FUNCTION = YES;
				GCC_WARN_UNUSED_VARIABLE = YES;
				MACOSX_DEPLOYMENT_TARGET = 10.9;
				MTL_ENABLE_DEBUG_INFO = YES;
				ONLY_ACTIVE_ARCH = YES;
				SDKROOT = macosx;
			};
			name = Debug;
		};
		84E8F5711B504147001CEE5F /* Release */ = {
			isa = XCBuildConfiguration;
			buildSettings = {
				ALWAYS_SEARCH_USER_PATHS = NO;
				CLANG_CXX_LANGUAGE_STANDARD = "gnu++0x";
				CLANG_CXX_LIBRARY = "libc++";
				CLANG_ENABLE_MODULES = YES;
				CLANG_ENABLE_OBJC_ARC = YES;
				CLANG_WARN_BOOL_CONVERSION = YES;
				CLANG_WARN_CONSTANT_CONVERSION = YES;
				CLANG_WARN_DIRECT_OBJC_ISA_USAGE = YES_ERROR;
				CLANG_WARN_EMPTY_BODY = YES;
				CLANG_WARN_ENUM_CONVERSION = YES;
				CLANG_WARN_INT_CONVERSION = YES;
				CLANG_WARN_OBJC_ROOT_CLASS = YES_ERROR;
				CLANG_WARN_UNREACHABLE_CODE = YES;
				CLANG_WARN__DUPLICATE_METHOD_MATCH = YES;
				COPY_PHASE_STRIP = YES;
				DEBUG_INFORMATION_FORMAT = "dwarf-with-dsym";
				ENABLE_NS_ASSERTIONS = NO;
				ENABLE_STRICT_OBJC_MSGSEND = YES;
				GCC_C_LANGUAGE_STANDARD = gnu99;
				GCC_WARN_64_TO_32_BIT_CONVERSION = YES;
				GCC_WARN_ABOUT_RETURN_TYPE = YES_ERROR;
				GCC_WARN_UNDECLARED_SELECTOR = YES;
				GCC_WARN_UNINITIALIZED_AUTOS = YES_AGGRESSIVE;
				GCC_WARN_UNUSED_FUNCTION = YES;
				GCC_WARN_UNUSED_VARIABLE = YES;
				MACOSX_DEPLOYMENT_TARGET = 10.9;
				MTL_ENABLE_DEBUG_INFO = NO;
				SDKROOT = macosx;
			};
			name = Release;
		};
		84E8F5731B504147001CEE5F /* Debug */ = {
			isa = XCBuildConfiguration;
			buildSettings = {
				PRODUCT_NAME = "$(TARGET_NAME)";
			};
			name = Debug;
		};
		84E8F5741B504147001CEE5F /* Release */ = {
			isa = XCBuildConfiguration;
			buildSettings = {
				PRODUCT_NAME = "$(TARGET_NAME)";
			};
			name = Release;
		};
/* End XCBuildConfiguration section */

/* Begin XCConfigurationList section */
		84E8F5661B504147001CEE5F /* Build configuration list for PBXProject "warriors" */ = {
			isa = XCConfigurationList;
			buildConfigurations = (
				84E8F5701B504147001CEE5F /* Debug */,
				84E8F5711B504147001CEE5F /* Release */,
			);
			defaultConfigurationIsVisible = 0;
			defaultConfigurationName = Release;
		};
		84E8F5721B504147001CEE5F /* Build configuration list for PBXNativeTarget "warriors" */ = {
			isa = XCConfigurationList;
			buildConfigurations = (
				84E8F5731B504147001CEE5F /* Debug */,
				84E8F5741B504147001CEE5F /* Release */,
			);
			defaultConfigurationIsVisible = 0;
		};
/* End XCConfigurationList section */
	};
	rootObject = 84E8F5631B504147001CEE5F /* Project object */;
}
